
Microsoft Visual Studio Solution File, Format Version 11.00
# Visual Studio 2010
Project("{FAE04EC0-301F-11D3-BF4B-00C04F79EFBC}") = "UnityEngine.TestRunner", "UnityEngine.TestRunner.csproj", "{45b5de95-0563-815a-ba76-6039f8b66022}"
EndProject
Project("{FAE04EC0-301F-11D3-BF4B-00C04F79EFBC}") = "Unity.Mathematics", "Unity.Mathematics.csproj", "{4cca2d6a-3fd4-3fd6-2051-6ff087b30bdf}"
EndProject
Project("{FAE04EC0-301F-11D3-BF4B-00C04F79EFBC}") = "Unity.2D.Animation.Triangle.Runtime", "Unity.2D.Animation.Triangle.Runtime.csproj", "{eaab0bfb-e697-e1a8-a3c3-5a8f033e2820}"
EndProject
Project("{FAE04EC0-301F-11D3-BF4B-00C04F79EFBC}") = "Unity.Timeline", "Unity.Timeline.csproj", "{d9ea5f1e-78cf-15ad-fbcf-7d58c102ffe8}"
EndProject
Project("{FAE04EC0-301F-11D3-BF4B-00C04F79EFBC}") = "UnityEngine.UI", "UnityEngine.UI.csproj", "{5dc3102c-5141-ec2e-f822-5e95dcc0f6d5}"
EndProject
Project("{FAE04EC0-301F-11D3-BF4B-00C04F79EFBC}") = "Unity.TextMeshPro", "Unity.TextMeshPro.csproj", "{2429d8d2-210c-b68a-08a4-83d385cb917b}"
EndProject
Project("{FAE04EC0-301F-11D3-BF4B-00C04F79EFBC}") = "Unity.2D.Animation.Runtime", "Unity.2D.Animation.Runtime.csproj", "{91d4ddaa-2d5c-6cce-94a7-1377e0567555}"
EndProject
Project("{FAE04EC0-301F-11D3-BF4B-00C04F79EFBC}") = "Unity.2D.IK.Runtime", "Unity.2D.IK.Runtime.csproj", "{e1166360-55ea-9c89-f473-283fc5113393}"
EndProject
Project("{FAE04EC0-301F-11D3-BF4B-00C04F79EFBC}") = "Unity.2D.SpriteShape.Runtime", "Unity.2D.SpriteShape.Runtime.csproj", "{e0c2fc82-c83c-be42-dbf1-a1ddecf32b50}"
EndProject
Project("{FAE04EC0-301F-11D3-BF4B-00C04F79EFBC}") = "Unity.2D.PixelPerfect", "Unity.2D.PixelPerfect.csproj", "{c6a25c1a-0af8-369c-737e-192b9a75ba95}"
EndProject
Project("{FAE04EC0-301F-11D3-BF4B-00C04F79EFBC}") = "Unity.2D.Common.Runtime", "Unity.2D.Common.Runtime.csproj", "{c87a1b27-31a5-8d7e-16f9-15dd219811fe}"
EndProject
Project("{FAE04EC0-301F-11D3-BF4B-00C04F79EFBC}") = "Unity.InternalAPIEngineBridge.001", "Unity.InternalAPIEngineBridge.001.csproj", "{24252941-baaf-8250-ff73-1f90f9592f76}"
EndProject
Project("{FAE04EC0-301F-11D3-BF4B-00C04F79EFBC}") = "UnityEditor.TestRunner", "UnityEditor.TestRunner.csproj", "{ab990be4-e245-8a53-079a-a6b70f4c245f}"
EndProject
Project("{FAE04EC0-301F-11D3-BF4B-00C04F79EFBC}") = "Unity.PlasticSCM.Editor", "Unity.PlasticSCM.Editor.csproj", "{31483a7a-a949-4a6b-5497-7e21d4b818c3}"
EndProject
Project("{FAE04EC0-301F-11D3-BF4B-00C04F79EFBC}") = "UnityEditor.UI", "UnityEditor.UI.csproj", "{b1ebdaee-0171-9ebb-6ebe-5b16a7bba6f0}"
EndProject
Project("{FAE04EC0-301F-11D3-BF4B-00C04F79EFBC}") = "Unity.Timeline.Editor", "Unity.Timeline.Editor.csproj", "{f669f1fa-4678-1b02-27fc-d7b8f41e6388}"
EndProject
Project("{FAE04EC0-301F-11D3-BF4B-00C04F79EFBC}") = "Unity.VisualStudio.Editor", "Unity.VisualStudio.Editor.csproj", "{7d6eb2f6-2967-a404-5394-96670835aac2}"
EndProject
Project("{FAE04EC0-301F-11D3-BF4B-00C04F79EFBC}") = "Unity.2D.Psdimporter.Editor", "Unity.2D.Psdimporter.Editor.csproj", "{23985b95-0ec8-5e88-ad26-a5bdeaa757b6}"
EndProject
Project("{FAE04EC0-301F-11D3-BF4B-00C04F79EFBC}") = "Unity.2D.Animation.Editor", "Unity.2D.Animation.Editor.csproj", "{00dcc2de-b375-2fe4-2eaf-7dfae9a51599}"
EndProject
Project("{FAE04EC0-301F-11D3-BF4B-00C04F79EFBC}") = "Unity.TextMeshPro.Editor", "Unity.TextMeshPro.Editor.csproj", "{5c9204b1-bdbd-48a2-9f04-bb058764a81f}"
EndProject
Project("{FAE04EC0-301F-11D3-BF4B-00C04F79EFBC}") = "Unity.2D.SpriteShape.Editor", "Unity.2D.SpriteShape.Editor.csproj", "{18a6d621-90f8-cafb-150a-ab9c937f09fa}"
EndProject
Project("{FAE04EC0-301F-11D3-BF4B-00C04F79EFBC}") = "Unity.CollabProxy.Editor", "Unity.CollabProxy.Editor.csproj", "{6056552a-2aae-90d0-ab4b-6b6980308010}"
EndProject
Project("{FAE04EC0-301F-11D3-BF4B-00C04F79EFBC}") = "PsdPlugin", "PsdPlugin.csproj", "{5515a2d0-1ebf-f15d-12ba-05639d074844}"
EndProject
Project("{FAE04EC0-301F-11D3-BF4B-00C04F79EFBC}") = "Unity.2D.Path.Editor", "Unity.2D.Path.Editor.csproj", "{382a0d6a-daae-c13d-5364-fd0ec71625aa}"
EndProject
Project("{FAE04EC0-301F-11D3-BF4B-00C04F79EFBC}") = "Unity.Rider.Editor", "Unity.Rider.Editor.csproj", "{e97c42a3-d91f-8e5b-582d-55e4c7b050a3}"
EndProject
Project("{FAE04EC0-301F-11D3-BF4B-00C04F79EFBC}") = "Unity.2D.IK.Editor", "Unity.2D.IK.Editor.csproj", "{a9a468c1-c8aa-4b85-2e60-3587beda92eb}"
EndProject
Project("{FAE04EC0-301F-11D3-BF4B-00C04F79EFBC}") = "Unity.2D.Sprite.Editor", "Unity.2D.Sprite.Editor.csproj", "{ce369cf7-8b8a-723b-2d5d-ae75cbfa3ce7}"
EndProject
Project("{FAE04EC0-301F-11D3-BF4B-00C04F79EFBC}") = "Unity.2D.Tilemap.Editor", "Unity.2D.Tilemap.Editor.csproj", "{aa4ed351-9c9e-5783-4157-37ea650baaa9}"
EndProject
Project("{FAE04EC0-301F-11D3-BF4B-00C04F79EFBC}") = "Unity.2D.PixelPerfect.Editor", "Unity.2D.PixelPerfect.Editor.csproj", "{7322c479-b391-6eb5-30dd-0bd725742227}"
EndProject
Project("{FAE04EC0-301F-11D3-BF4B-00C04F79EFBC}") = "Unity.VSCode.Editor", "Unity.VSCode.Editor.csproj", "{09646032-8d44-21e0-6667-881160fecee4}"
EndProject
Project("{FAE04EC0-301F-11D3-BF4B-00C04F79EFBC}") = "Unity.2D.Common.Editor", "Unity.2D.Common.Editor.csproj", "{9f29fee7-05a6-57ab-c588-046e87ea5201}"
EndProject
Project("{FAE04EC0-301F-11D3-BF4B-00C04F79EFBC}") = "Unity.Mathematics.Editor", "Unity.Mathematics.Editor.csproj", "{c33eb39c-f8ee-40f2-8956-d25a93895b0c}"
EndProject
Project("{FAE04EC0-301F-11D3-BF4B-00C04F79EFBC}") = "Unity.InternalAPIEditorBridge.001", "Unity.InternalAPIEditorBridge.001.csproj", "{d7e3bebc-a263-cf95-2b58-ce8c7930121b}"
EndProject
Global
	GlobalSection(SolutionConfigurationPlatforms) = preSolution
		Debug|Any CPU = Debug|Any CPU
	EndGlobalSection
	GlobalSection(ProjectConfigurationPlatforms) = postSolution
		{45b5de95-0563-815a-ba76-6039f8b66022}.Debug|Any CPU.ActiveCfg = Debug|Any CPU
		{45b5de95-0563-815a-ba76-6039f8b66022}.Debug|Any CPU.Build.0 = Debug|Any CPU
		{4cca2d6a-3fd4-3fd6-2051-6ff087b30bdf}.Debug|Any CPU.ActiveCfg = Debug|Any CPU
		{4cca2d6a-3fd4-3fd6-2051-6ff087b30bdf}.Debug|Any CPU.Build.0 = Debug|Any CPU
		{eaab0bfb-e697-e1a8-a3c3-5a8f033e2820}.Debug|Any CPU.ActiveCfg = Debug|Any CPU
		{eaab0bfb-e697-e1a8-a3c3-5a8f033e2820}.Debug|Any CPU.Build.0 = Debug|Any CPU
		{d9ea5f1e-78cf-15ad-fbcf-7d58c102ffe8}.Debug|Any CPU.ActiveCfg = Debug|Any CPU
		{d9ea5f1e-78cf-15ad-fbcf-7d58c102ffe8}.Debug|Any CPU.Build.0 = Debug|Any CPU
		{5dc3102c-5141-ec2e-f822-5e95dcc0f6d5}.Debug|Any CPU.ActiveCfg = Debug|Any CPU
		{5dc3102c-5141-ec2e-f822-5e95dcc0f6d5}.Debug|Any CPU.Build.0 = Debug|Any CPU
		{2429d8d2-210c-b68a-08a4-83d385cb917b}.Debug|Any CPU.ActiveCfg = Debug|Any CPU
		{2429d8d2-210c-b68a-08a4-83d385cb917b}.Debug|Any CPU.Build.0 = Debug|Any CPU
		{91d4ddaa-2d5c-6cce-94a7-1377e0567555}.Debug|Any CPU.ActiveCfg = Debug|Any CPU
		{91d4ddaa-2d5c-6cce-94a7-1377e0567555}.Debug|Any CPU.Build.0 = Debug|Any CPU
		{e1166360-55ea-9c89-f473-283fc5113393}.Debug|Any CPU.ActiveCfg = Debug|Any CPU
		{e1166360-55ea-9c89-f473-283fc5113393}.Debug|Any CPU.Build.0 = Debug|Any CPU
		{e0c2fc82-c83c-be42-dbf1-a1ddecf32b50}.Debug|Any CPU.ActiveCfg = Debug|Any CPU
		{e0c2fc82-c83c-be42-dbf1-a1ddecf32b50}.Debug|Any CPU.Build.0 = Debug|Any CPU
		{c6a25c1a-0af8-369c-737e-192b9a75ba95}.Debug|Any CPU.ActiveCfg = Debug|Any CPU
		{c6a25c1a-0af8-369c-737e-192b9a75ba95}.Debug|Any CPU.Build.0 = Debug|Any CPU
		{c87a1b27-31a5-8d7e-16f9-15dd219811fe}.Debug|Any CPU.ActiveCfg = Debug|Any CPU
		{c87a1b27-31a5-8d7e-16f9-15dd219811fe}.Debug|Any CPU.Build.0 = Debug|Any CPU
		{24252941-baaf-8250-ff73-1f90f9592f76}.Debug|Any CPU.ActiveCfg = Debug|Any CPU
		{24252941-baaf-8250-ff73-1f90f9592f76}.Debug|Any CPU.Build.0 = Debug|Any CPU
		{ab990be4-e245-8a53-079a-a6b70f4c245f}.Debug|Any CPU.ActiveCfg = Debug|Any CPU
		{ab990be4-e245-8a53-079a-a6b70f4c245f}.Debug|Any CPU.Build.0 = Debug|Any CPU
		{31483a7a-a949-4a6b-5497-7e21d4b818c3}.Debug|Any CPU.ActiveCfg = Debug|Any CPU
		{31483a7a-a949-4a6b-5497-7e21d4b818c3}.Debug|Any CPU.Build.0 = Debug|Any CPU
		{b1ebdaee-0171-9ebb-6ebe-5b16a7bba6f0}.Debug|Any CPU.ActiveCfg = Debug|Any CPU
		{b1ebdaee-0171-9ebb-6ebe-5b16a7bba6f0}.Debug|Any CPU.Build.0 = Debug|Any CPU
		{f669f1fa-4678-1b02-27fc-d7b8f41e6388}.Debug|Any CPU.ActiveCfg = Debug|Any CPU
		{f669f1fa-4678-1b02-27fc-d7b8f41e6388}.Debug|Any CPU.Build.0 = Debug|Any CPU
		{7d6eb2f6-2967-a404-5394-96670835aac2}.Debug|Any CPU.ActiveCfg = Debug|Any CPU
		{7d6eb2f6-2967-a404-5394-96670835aac2}.Debug|Any CPU.Build.0 = Debug|Any CPU
		{23985b95-0ec8-5e88-ad26-a5bdeaa757b6}.Debug|Any CPU.ActiveCfg = Debug|Any CPU
		{23985b95-0ec8-5e88-ad26-a5bdeaa757b6}.Debug|Any CPU.Build.0 = Debug|Any CPU
		{00dcc2de-b375-2fe4-2eaf-7dfae9a51599}.Debug|Any CPU.ActiveCfg = Debug|Any CPU
		{00dcc2de-b375-2fe4-2eaf-7dfae9a51599}.Debug|Any CPU.Build.0 = Debug|Any CPU
		{5c9204b1-bdbd-48a2-9f04-bb058764a81f}.Debug|Any CPU.ActiveCfg = Debug|Any CPU
		{5c9204b1-bdbd-48a2-9f04-bb058764a81f}.Debug|Any CPU.Build.0 = Debug|Any CPU
		{18a6d621-90f8-cafb-150a-ab9c937f09fa}.Debug|Any CPU.ActiveCfg = Debug|Any CPU
		{18a6d621-90f8-cafb-150a-ab9c937f09fa}.Debug|Any CPU.Build.0 = Debug|Any CPU
		{6056552a-2aae-90d0-ab4b-6b6980308010}.Debug|Any CPU.ActiveCfg = Debug|Any CPU
		{6056552a-2aae-90d0-ab4b-6b6980308010}.Debug|Any CPU.Build.0 = Debug|Any CPU
		{5515a2d0-1ebf-f15d-12ba-05639d074844}.Debug|Any CPU.ActiveCfg = Debug|Any CPU
		{5515a2d0-1ebf-f15d-12ba-05639d074844}.Debug|Any CPU.Build.0 = Debug|Any CPU
		{382a0d6a-daae-c13d-5364-fd0ec71625aa}.Debug|Any CPU.ActiveCfg = Debug|Any CPU
		{382a0d6a-daae-c13d-5364-fd0ec71625aa}.Debug|Any CPU.Build.0 = Debug|Any CPU
		{e97c42a3-d91f-8e5b-582d-55e4c7b050a3}.Debug|Any CPU.ActiveCfg = Debug|Any CPU
		{e97c42a3-d91f-8e5b-582d-55e4c7b050a3}.Debug|Any CPU.Build.0 = Debug|Any CPU
		{a9a468c1-c8aa-4b85-2e60-3587beda92eb}.Debug|Any CPU.ActiveCfg = Debug|Any CPU
		{a9a468c1-c8aa-4b85-2e60-3587beda92eb}.Debug|Any CPU.Build.0 = Debug|Any CPU
		{ce369cf7-8b8a-723b-2d5d-ae75cbfa3ce7}.Debug|Any CPU.ActiveCfg = Debug|Any CPU
		{ce369cf7-8b8a-723b-2d5d-ae75cbfa3ce7}.Debug|Any CPU.Build.0 = Debug|Any CPU
		{aa4ed351-9c9e-5783-4157-37ea650baaa9}.Debug|Any CPU.ActiveCfg = Debug|Any CPU
		{aa4ed351-9c9e-5783-4157-37ea650baaa9}.Debug|Any CPU.Build.0 = Debug|Any CPU
		{7322c479-b391-6eb5-30dd-0bd725742227}.Debug|Any CPU.ActiveCfg = Debug|Any CPU
		{7322c479-b391-6eb5-30dd-0bd725742227}.Debug|Any CPU.Build.0 = Debug|Any CPU
		{09646032-8d44-21e0-6667-881160fecee4}.Debug|Any CPU.ActiveCfg = Debug|Any CPU
		{09646032-8d44-21e0-6667-881160fecee4}.Debug|Any CPU.Build.0 = Debug|Any CPU
		{9f29fee7-05a6-57ab-c588-046e87ea5201}.Debug|Any CPU.ActiveCfg = Debug|Any CPU
		{9f29fee7-05a6-57ab-c588-046e87ea5201}.Debug|Any CPU.Build.0 = Debug|Any CPU
		{c33eb39c-f8ee-40f2-8956-d25a93895b0c}.Debug|Any CPU.ActiveCfg = Debug|Any CPU
		{c33eb39c-f8ee-40f2-8956-d25a93895b0c}.Debug|Any CPU.Build.0 = Debug|Any CPU
		{d7e3bebc-a263-cf95-2b58-ce8c7930121b}.Debug|Any CPU.ActiveCfg = Debug|Any CPU
		{d7e3bebc-a263-cf95-2b58-ce8c7930121b}.Debug|Any CPU.Build.0 = Debug|Any CPU
	EndGlobalSection
	GlobalSection(SolutionProperties) = preSolution
		HideSolutionNode = FALSE
	EndGlobalSection
EndGlobal
